
Microsoft Visual Studio Solution File, Format Version 12.00
# Visual Studio 14
VisualStudioVersion = 14.0.25420.1
MinimumVisualStudioVersion = 10.0.40219.1
Project("{A07B5EB6-E848-4116-A8D0-A826331D98C6}") = "Voting", "Voting\Voting.sfproj", "{4021AF4E-C750-4573-BFCE-8EADAC2A3332}"
EndProject
Project("{FAE04EC0-301F-11D3-BF4B-00C04F79EFBC}") = "VotingService", "VotingService\VotingService.csproj", "{53F6B0CF-506E-4112-8740-649FE78EF403}"
EndProject
Global
	GlobalSection(SolutionConfigurationPlatforms) = preSolution
		Debug|x64 = Debug|x64
		Release|x64 = Release|x64
	EndGlobalSection
	GlobalSection(ProjectConfigurationPlatforms) = postSolution
		{4021AF4E-C750-4573-BFCE-8EADAC2A3332}.Debug|x64.ActiveCfg = Debug|x64
		{4021AF4E-C750-4573-BFCE-8EADAC2A3332}.Debug|x64.Build.0 = Debug|x64
		{4021AF4E-C750-4573-BFCE-8EADAC2A3332}.Debug|x64.Deploy.0 = Debug|x64
		{4021AF4E-C750-4573-BFCE-8EADAC2A3332}.Release|x64.ActiveCfg = Release|x64
		{4021AF4E-C750-4573-BFCE-8EADAC2A3332}.Release|x64.Build.0 = Release|x64
		{4021AF4E-C750-4573-BFCE-8EADAC2A3332}.Release|x64.Deploy.0 = Release|x64
		{53F6B0CF-506E-4112-8740-649FE78EF403}.Debug|x64.ActiveCfg = Debug|x64
		{53F6B0CF-506E-4112-8740-649FE78EF403}.Debug|x64.Build.0 = Debug|x64
		{53F6B0CF-506E-4112-8740-649FE78EF403}.Release|x64.ActiveCfg = Release|x64
		{53F6B0CF-506E-4112-8740-649FE78EF403}.Release|x64.Build.0 = Release|x64
	EndGlobalSection
	GlobalSection(SolutionProperties) = preSolution
		HideSolutionNode = FALSE
	EndGlobalSection
EndGlobal
